
Microsoft Visual Studio Solution File, Format Version 12.00
# Visual Studio 15
VisualStudioVersion = 15.0.27428.2037
MinimumVisualStudioVersion = 10.0.40219.1
Project("{FAE04EC0-301F-11D3-BF4B-00C04F79EFBC}") = "Drive", "Drive\Drive.csproj", "{8F2CD628-EB3F-42AC-8366-082715E67EE3}"
EndProject
Global
	GlobalSection(SolutionConfigurationPlatforms) = preSolution
		Debug|Any CPU = Debug|Any CPU
		Release|Any CPU = Release|Any CPU
	EndGlobalSection
	GlobalSection(ProjectConfigurationPlatforms) = postSolution
		{8F2CD628-EB3F-42AC-8366-082715E67EE3}.Debug|Any CPU.ActiveCfg = Debug|Any CPU
		{8F2CD628-EB3F-42AC-8366-082715E67EE3}.Debug|Any CPU.Build.0 = Debug|Any CPU
		{8F2CD628-EB3F-42AC-8366-082715E67EE3}.Release|Any CPU.ActiveCfg = Release|Any CPU
		{8F2CD628-EB3F-42AC-8366-082715E67EE3}.Release|Any CPU.Build.0 = Release|Any CPU
	EndGlobalSection
	GlobalSection(SolutionProperties) = preSolution
		HideSolutionNode = FALSE
	EndGlobalSection
	GlobalSection(ExtensibilityGlobals) = postSolution
		SolutionGuid = {7F1A7CAF-323E-4942-BD2F-2DF1C411868F}
	EndGlobalSection
EndGlobal
